// !$*UTF8*$!
{
	archiveVersion = 1;
	classes = {
	};
	objectVersion = 46;
	objects = {

/* Begin PBXBuildFile section */
		490848E31E94B150002A69F2 /* AppDelegate.swift in Sources */ = {isa = PBXBuildFile; fileRef = 490848E21E94B150002A69F2 /* AppDelegate.swift */; };
		490848E51E94B150002A69F2 /* ViewController.swift in Sources */ = {isa = PBXBuildFile; fileRef = 490848E41E94B150002A69F2 /* ViewController.swift */; };
		490848E71E94B150002A69F2 /* Assets.xcassets in Resources */ = {isa = PBXBuildFile; fileRef = 490848E61E94B150002A69F2 /* Assets.xcassets */; };
		490848EA1E94B150002A69F2 /* Main.storyboard in Resources */ = {isa = PBXBuildFile; fileRef = 490848E81E94B150002A69F2 /* Main.storyboard */; };
		490848F21E94B2D5002A69F2 /* SampleModel.swift in Sources */ = {isa = PBXBuildFile; fileRef = 490848F11E94B2D5002A69F2 /* SampleModel.swift */; };
/* End PBXBuildFile section */

/* Begin PBXFileReference section */
		490848DF1E94B150002A69F2 /* SampleTableView.app */ = {isa = PBXFileReference; explicitFileType = wrapper.application; includeInIndex = 0; path = SampleTableView.app; sourceTree = BUILT_PRODUCTS_DIR; };
		490848E21E94B150002A69F2 /* AppDelegate.swift */ = {isa = PBXFileReference; lastKnownFileType = sourcecode.swift; path = AppDelegate.swift; sourceTree = "<group>"; };
		490848E41E94B150002A69F2 /* ViewController.swift */ = {isa = PBXFileReference; lastKnownFileType = sourcecode.swift; path = ViewController.swift; sourceTree = "<group>"; };
		490848E61E94B150002A69F2 /* Assets.xcassets */ = {isa = PBXFileReference; lastKnownFileType = folder.assetcatalog; path = Assets.xcassets; sourceTree = "<group>"; };
		490848E91E94B150002A69F2 /* Base */ = {isa = PBXFileReference; lastKnownFileType = file.storyboard; name = Base; path = Base.lproj/Main.storyboard; sourceTree = "<group>"; };
		490848EB1E94B150002A69F2 /* Info.plist */ = {isa = PBXFileReference; lastKnownFileType = text.plist.xml; path = Info.plist; sourceTree = "<group>"; };
		490848F11E94B2D5002A69F2 /* SampleModel.swift */ = {isa = PBXFileReference; fileEncoding = 4; lastKnownFileType = sourcecode.swift; name = SampleModel.swift; path = Model/SampleModel.swift; sourceTree = "<group>"; };
/* End PBXFileReference section */

/* Begin PBXFrameworksBuildPhase section */
		490848DC1E94B150002A69F2 /* Frameworks */ = {
			isa = PBXFrameworksBuildPhase;
			buildActionMask = 2147483647;
			files = (
			);
			runOnlyForDeploymentPostprocessing = 0;
		};
/* End PBXFrameworksBuildPhase section */

/* Begin PBXGroup section */
		490848D61E94B150002A69F2 = {
			isa = PBXGroup;
			children = (
				490848E11E94B150002A69F2 /* SampleTableView */,
				490848E01E94B150002A69F2 /* Products */,
			);
			sourceTree = "<group>";
		};
		490848E01E94B150002A69F2 /* Products */ = {
			isa = PBXGroup;
			children = (
				490848DF1E94B150002A69F2 /* SampleTableView.app */,
			);
			name = Products;
			sourceTree = "<group>";
		};
		490848E11E94B150002A69F2 /* SampleTableView */ = {
			isa = PBXGroup;
			children = (
				490848F31E94B2DA002A69F2 /* Model */,
				490848E21E94B150002A69F2 /* AppDelegate.swift */,
				490848E41E94B150002A69F2 /* ViewController.swift */,
				490848E61E94B150002A69F2 /* Assets.xcassets */,
				490848E81E94B150002A69F2 /* Main.storyboard */,
				490848EB1E94B150002A69F2 /* Info.plist */,
			);
			path = SampleTableView;
			sourceTree = "<group>";
		};
		490848F31E94B2DA002A69F2 /* Model */ = {
			isa = PBXGroup;
			children = (
				490848F11E94B2D5002A69F2 /* SampleModel.swift */,
			);
			name = Model;
			sourceTree = "<group>";
		};
/* End PBXGroup section */

/* Begin PBXNativeTarget section */
		490848DE1E94B150002A69F2 /* SampleTableView */ = {
			isa = PBXNativeTarget;
			buildConfigurationList = 490848EE1E94B150002A69F2 /* Build configuration list for PBXNativeTarget "SampleTableView" */;
			buildPhases = (
				490848DB1E94B150002A69F2 /* Sources */,
				490848DC1E94B150002A69F2 /* Frameworks */,
				490848DD1E94B150002A69F2 /* Resources */,
			);
			buildRules = (
			);
			dependencies = (
			);
			name = SampleTableView;
			productName = SampleTableView;
			productReference = 490848DF1E94B150002A69F2 /* SampleTableView.app */;
			productType = "com.apple.product-type.application";
		};
/* End PBXNativeTarget section */

/* Begin PBXProject section */
		490848D71E94B150002A69F2 /* Project object */ = {
			isa = PBXProject;
			attributes = {
				LastSwiftUpdateCheck = 0820;
				LastUpgradeCheck = 0820;
				ORGANIZATIONNAME = takopom;
				TargetAttributes = {
					490848DE1E94B150002A69F2 = {
						CreatedOnToolsVersion = 8.2.1;
						ProvisioningStyle = Automatic;
					};
				};
			};
			buildConfigurationList = 490848DA1E94B150002A69F2 /* Build configuration list for PBXProject "SampleTableView" */;
			compatibilityVersion = "Xcode 3.2";
			developmentRegion = English;
			hasScannedForEncodings = 0;
			knownRegions = (
				en,
				Base,
			);
			mainGroup = 490848D61E94B150002A69F2;
			productRefGroup = 490848E01E94B150002A69F2 /* Products */;
			projectDirPath = "";
			projectRoot = "";
			targets = (
				490848DE1E94B150002A69F2 /* SampleTableView */,
			);
		};
/* End PBXProject section */

/* Begin PBXResourcesBuildPhase section */
		490848DD1E94B150002A69F2 /* Resources */ = {
			isa = PBXResourcesBuildPhase;
			buildActionMask = 2147483647;
			files = (
				490848E71E94B150002A69F2 /* Assets.xcassets in Resources */,
				490848EA1E94B150002A69F2 /* Main.storyboard in Resources */,
			);
			runOnlyForDeploymentPostprocessing = 0;
		};
/* End PBXResourcesBuildPhase section */

/* Begin PBXSourcesBuildPhase section */
		490848DB1E94B150002A69F2 /* Sources */ = {
			isa = PBXSourcesBuildPhase;
			buildActionMask = 2147483647;
			files = (
				490848E51E94B150002A69F2 /* ViewController.swift in Sources */,
				490848F21E94B2D5002A69F2 /* SampleModel.swift in Sources */,
				490848E31E94B150002A69F2 /* AppDelegate.swift in Sources */,
			);
			runOnlyForDeploymentPostprocessing = 0;
		};
/* End PBXSourcesBuildPhase section */

/* Begin PBXVariantGroup section */
		490848E81E94B150002A69F2 /* Main.storyboard */ = {
			isa = PBXVariantGroup;
			children = (
				490848E91E94B150002A69F2 /* Base */,
			);
			name = Main.storyboard;
			sourceTree = "<group>";
		};
/* End PBXVariantGroup section */

/* Begin XCBuildConfiguration section */
		490848EC1E94B150002A69F2 /* Debug */ = {
			isa = XCBuildConfiguration;
			buildSettings = {
				ALWAYS_SEARCH_USER_PATHS = NO;
				CLANG_ANALYZER_NONNULL = YES;
				CLANG_CXX_LANGUAGE_STANDARD = "gnu++0x";
				CLANG_CXX_LIBRARY = "libc++";
				CLANG_ENABLE_MODULES = YES;
				CLANG_ENABLE_OBJC_ARC = YES;
				CLANG_WARN_BOOL_CONVERSION = YES;
				CLANG_WARN_CONSTANT_CONVERSION = YES;
				CLANG_WARN_DIRECT_OBJC_ISA_USAGE = YES_ERROR;
				CLANG_WARN_DOCUMENTATION_COMMENTS = YES;
				CLANG_WARN_EMPTY_BODY = YES;
				CLANG_WARN_ENUM_CONVERSION = YES;
				CLANG_WARN_INFINITE_RECURSION = YES;
				CLANG_WARN_INT_CONVERSION = YES;
				CLANG_WARN_OBJC_ROOT_CLASS = YES_ERROR;
				CLANG_WARN_SUSPICIOUS_MOVE = YES;
				CLANG_WARN_UNREACHABLE_CODE = YES;
				CLANG_WARN__DUPLICATE_METHOD_MATCH = YES;
				CODE_SIGN_IDENTITY = "-";
				COPY_PHASE_STRIP = NO;
				DEBUG_INFORMATION_FORMAT = dwarf;
				ENABLE_STRICT_OBJC_MSGSEND = YES;
				ENABLE_TESTABILITY = YES;
				GCC_C_LANGUAGE_STANDARD = gnu99;
				GCC_DYNAMIC_NO_PIC = NO;
				GCC_NO_COMMON_BLOCKS = YES;
				GCC_OPTIMIZATION_LEVEL = 0;
				GCC_PREPROCESSOR_DEFINITIONS = (
					"DEBUG=1",
					"$(inherited)",
				);
				GCC_WARN_64_TO_32_BIT_CONVERSION = YES;
				GCC_WARN_ABOUT_RETURN_TYPE = YES_ERROR;
				GCC_WARN_UNDECLARED_SELECTOR = YES;
				GCC_WARN_UNINITIALIZED_AUTOS = YES_AGGRESSIVE;
				GCC_WARN_UNUSED_FUNCTION = YES;
				GCC_WARN_UNUSED_VARIABLE = YES;
				MACOSX_DEPLOYMENT_TARGET = 10.11;
				MTL_ENABLE_DEBUG_INFO = YES;
				ONLY_ACTIVE_ARCH = YES;
				SDKROOT = macosx;
				SWIFT_ACTIVE_COMPILATION_CONDITIONS = DEBUG;
				SWIFT_OPTIMIZATION_LEVEL = "-Onone";
			};
			name = Debug;
		};
		490848ED1E94B150002A69F2 /* Release */ = {
			isa = XCBuildConfiguration;
			buildSettings = {
				ALWAYS_SEARCH_USER_PATHS = NO;
				CLANG_ANALYZER_NONNULL = YES;
				CLANG_CXX_LANGUAGE_STANDARD = "gnu++0x";
				CLANG_CXX_LIBRARY = "libc++";
				CLANG_ENABLE_MODULES = YES;
				CLANG_ENABLE_OBJC_ARC = YES;
				CLANG_WARN_BOOL_CONVERSION = YES;
				CLANG_WARN_CONSTANT_CONVERSION = YES;
				CLANG_WARN_DIRECT_OBJC_ISA_USAGE = YES_ERROR;
				CLANG_WARN_DOCUMENTATION_COMMENTS = YES;
				CLANG_WARN_EMPTY_BODY = YES;
				CLANG_WARN_ENUM_CONVERSION = YES;
				CLANG_WARN_INFINITE_RECURSION = YES;
				CLANG_WARN_INT_CONVERSION = YES;
				CLANG_WARN_OBJC_ROOT_CLASS = YES_ERROR;
				CLANG_WARN_SUSPICIOUS_MOVE = YES;
				CLANG_WARN_UNREACHABLE_CODE = YES;
				CLANG_WARN__DUPLICATE_METHOD_MATCH = YES;
				CODE_SIGN_IDENTITY = "-";
				COPY_PHASE_STRIP = NO;
				DEBUG_INFORMATION_FORMAT = "dwarf-with-dsym";
				ENABLE_NS_ASSERTIONS = NO;
				ENABLE_STRICT_OBJC_MSGSEND = YES;
				GCC_C_LANGUAGE_STANDARD = gnu99;
				GCC_NO_COMMON_BLOCKS = YES;
				GCC_WARN_64_TO_32_BIT_CONVERSION = YES;
				GCC_WARN_ABOUT_RETURN_TYPE = YES_ERROR;
				GCC_WARN_UNDECLARED_SELECTOR = YES;
				GCC_WARN_UNINITIALIZED_AUTOS = YES_AGGRESSIVE;
				GCC_WARN_UNUSED_FUNCTION = YES;
				GCC_WARN_UNUSED_VARIABLE = YES;
				MACOSX_DEPLOYMENT_TARGET = 10.11;
				MTL_ENABLE_DEBUG_INFO = NO;
				SDKROOT = macosx;
				SWIFT_OPTIMIZATION_LEVEL = "-Owholemodule";
			};
			name = Release;
		};
		490848EF1E94B150002A69F2 /* Debug */ = {
			isa = XCBuildConfiguration;
			buildSettings = {
				ASSETCATALOG_COMPILER_APPICON_NAME = AppIcon;
				COMBINE_HIDPI_IMAGES = YES;
				INFOPLIST_FILE = SampleTableView/Info.plist;
				LD_RUNPATH_SEARCH_PATHS = "$(inherited) @executable_path/../Frameworks";
				PRODUCT_BUNDLE_IDENTIFIER = takopom.SampleTableView;
				PRODUCT_NAME = "$(TARGET_NAME)";
				SWIFT_VERSION = 3.0;
			};
			name = Debug;
		};
		490848F01E94B150002A69F2 /* Release */ = {
			isa = XCBuildConfiguration;
			buildSettings = {
				ASSETCATALOG_COMPILER_APPICON_NAME = AppIcon;
				COMBINE_HIDPI_IMAGES = YES;
				INFOPLIST_FILE = SampleTableView/Info.plist;
				LD_RUNPATH_SEARCH_PATHS = "$(inherited) @executable_path/../Frameworks";
				PRODUCT_BUNDLE_IDENTIFIER = takopom.SampleTableView;
				PRODUCT_NAME = "$(TARGET_NAME)";
				SWIFT_VERSION = 3.0;
			};
			name = Release;
		};
/* End XCBuildConfiguration section */

/* Begin XCConfigurationList section */
		490848DA1E94B150002A69F2 /* Build configuration list for PBXProject "SampleTableView" */ = {
			isa = XCConfigurationList;
			buildConfigurations = (
				490848EC1E94B150002A69F2 /* Debug */,
				490848ED1E94B150002A69F2 /* Release */,
			);
			defaultConfigurationIsVisible = 0;
			defaultConfigurationName = Release;
		};
		490848EE1E94B150002A69F2 /* Build configuration list for PBXNativeTarget "SampleTableView" */ = {
			isa = XCConfigurationList;
			buildConfigurations = (
				490848EF1E94B150002A69F2 /* Debug */,
				490848F01E94B150002A69F2 /* Release */,
			);
			defaultConfigurationIsVisible = 0;
		};
/* End XCConfigurationList section */
	};
	rootObject = 490848D71E94B150002A69F2 /* Project object */;
}
